PODS:
  - Alamofire (5.8.1)
  - GoogleMaps (8.3.1):
    - GoogleMaps/Maps (= 8.3.1)
  - GoogleMaps/Base (8.3.1)
  - GoogleMaps/Maps (8.3.1):
    - GoogleMaps/Base
  - GooglePlaces (8.3.0)
  - Kingfisher (7.10.1)
  - Moya (15.0.0):
    - Moya/Core (= 15.0.0)
  - Moya/Core (15.0.0):
    - Alamofire (~> 5.0)

DEPENDENCIES:
  - GoogleMaps
  - GooglePlaces
  - Kingfisher
  - Moya

SPEC REPOS:
  trunk:
    - Alamofire
    - GoogleMaps
    - GooglePlaces
    - Kingfisher
    - Moya

SPEC CHECKSUMS:
  Alamofire: 3ca42e259043ee0dc5c0cdd76c4bc568b8e42af7
  GoogleMaps: b47b67bd63d708477d6ff457da2d695c0d8ceb5f
  GooglePlaces: b922e192c50994436900ef14d19f84971950250b
  Kingfisher: bc5abe80a8e0144537ef1dd5a0b2621b04f7f439
  Moya: 138f0573e53411fb3dc17016add0b748dfbd78ee

PODFILE CHECKSUM: bf990924e9c3769cf8056c572114e3bccb542ff6

COCOAPODS: 1.12.1
